
Microsoft Visual Studio Solution File, Format Version 12.00
# Visual Studio Version 17
VisualStudioVersion = 17.6.33815.320
MinimumVisualStudioVersion = 10.0.40219.1
Project("{FAE04EC0-301F-11D3-BF4B-00C04F79EFBC}") = "WebApplication2", "WebApplication2\WebApplication2.csproj", "{84EB8210-6DC0-4443-9F89-E76FC5150739}"
EndProject
Global
	GlobalSection(SolutionConfigurationPlatforms) = preSolution
		Debug|Any CPU = Debug|Any CPU
		Release|Any CPU = Release|Any CPU
	EndGlobalSection
	GlobalSection(ProjectConfigurationPlatforms) = postSolution
		{84EB8210-6DC0-4443-9F89-E76FC5150739}.Debug|Any CPU.ActiveCfg = Debug|Any CPU
		{84EB8210-6DC0-4443-9F89-E76FC5150739}.Debug|Any CPU.Build.0 = Debug|Any CPU
		{84EB8210-6DC0-4443-9F89-E76FC5150739}.Release|Any CPU.ActiveCfg = Release|Any CPU
		{84EB8210-6DC0-4443-9F89-E76FC5150739}.Release|Any CPU.Build.0 = Release|Any CPU
	EndGlobalSection
	GlobalSection(SolutionProperties) = preSolution
		HideSolutionNode = FALSE
	EndGlobalSection
	GlobalSection(ExtensibilityGlobals) = postSolution
		SolutionGuid = {ADF785DD-9ED8-4F97-8B6F-902B913E27AE}
	EndGlobalSection
EndGlobal
